
Microsoft Visual Studio Solution File, Format Version 12.00
# Visual Studio Version 17
VisualStudioVersion = 17.13.35931.197
MinimumVisualStudioVersion = 10.0.40219.1
Project("{FAE04EC0-301F-11D3-BF4B-00C04F79EFBC}") = "Toko", "src\Toko\Toko.csproj", "{AD3184BF-BD47-1C64-FD86-29B89210C9A4}"
EndProject
Project("{FAE04EC0-301F-11D3-BF4B-00C04F79EFBC}") = "Toko.IntegrationTests", "tests\Toko.IntegrationTests\Toko.IntegrationTests.csproj", "{A7B3AE1E-0FAB-00AF-4C0D-159537A25274}"
EndProject
Project("{FAE04EC0-301F-11D3-BF4B-00C04F79EFBC}") = "Toko.Web", "client\Toko.Web\Toko.Web.csproj", "{52AF145E-580B-4C68-BB02-9C0399DA6C73}"
EndProject
Project("{FAE04EC0-301F-11D3-BF4B-00C04F79EFBC}") = "Toko.Shared", "shared\Toko.Shared\Toko.Shared.csproj", "{BC8A6B4B-C3B7-4103-91A6-3B4A6604734C}"
EndProject
Global
	GlobalSection(SolutionConfigurationPlatforms) = preSolution
		Debug|Any CPU = Debug|Any CPU
		Release|Any CPU = Release|Any CPU
	EndGlobalSection
	GlobalSection(ProjectConfigurationPlatforms) = postSolution
		{AD3184BF-BD47-1C64-FD86-29B89210C9A4}.Debug|Any CPU.ActiveCfg = Debug|Any CPU
		{AD3184BF-BD47-1C64-FD86-29B89210C9A4}.Debug|Any CPU.Build.0 = Debug|Any CPU
		{AD3184BF-BD47-1C64-FD86-29B89210C9A4}.Release|Any CPU.ActiveCfg = Release|Any CPU
		{AD3184BF-BD47-1C64-FD86-29B89210C9A4}.Release|Any CPU.Build.0 = Release|Any CPU
		{A7B3AE1E-0FAB-00AF-4C0D-159537A25274}.Debug|Any CPU.ActiveCfg = Debug|Any CPU
		{A7B3AE1E-0FAB-00AF-4C0D-159537A25274}.Debug|Any CPU.Build.0 = Debug|Any CPU
		{A7B3AE1E-0FAB-00AF-4C0D-159537A25274}.Release|Any CPU.ActiveCfg = Release|Any CPU
		{A7B3AE1E-0FAB-00AF-4C0D-159537A25274}.Release|Any CPU.Build.0 = Release|Any CPU
		{52AF145E-580B-4C68-BB02-9C0399DA6C73}.Debug|Any CPU.ActiveCfg = Debug|Any CPU
		{52AF145E-580B-4C68-BB02-9C0399DA6C73}.Debug|Any CPU.Build.0 = Debug|Any CPU
		{52AF145E-580B-4C68-BB02-9C0399DA6C73}.Release|Any CPU.ActiveCfg = Release|Any CPU
		{52AF145E-580B-4C68-BB02-9C0399DA6C73}.Release|Any CPU.Build.0 = Release|Any CPU
		{BC8A6B4B-C3B7-4103-91A6-3B4A6604734C}.Debug|Any CPU.ActiveCfg = Debug|Any CPU
		{BC8A6B4B-C3B7-4103-91A6-3B4A6604734C}.Debug|Any CPU.Build.0 = Debug|Any CPU
		{BC8A6B4B-C3B7-4103-91A6-3B4A6604734C}.Release|Any CPU.ActiveCfg = Release|Any CPU
		{BC8A6B4B-C3B7-4103-91A6-3B4A6604734C}.Release|Any CPU.Build.0 = Release|Any CPU
	EndGlobalSection
	GlobalSection(SolutionProperties) = preSolution
		HideSolutionNode = FALSE
	EndGlobalSection
	GlobalSection(ExtensibilityGlobals) = postSolution
		SolutionGuid = {1797D991-8BF4-40BA-932E-8688F8A9A76F}
	EndGlobalSection
EndGlobal
